PODS:
  - Flutter (1.0.0)
  - integration_test (0.0.1):
    - Flutter
  - kinetic_player (0.0.1):
    - Flutter

DEPENDENCIES:
  - Flutter (from `Flutter`)
  - integration_test (from `.symlinks/plugins/integration_test/ios`)
  - kinetic_player (from `.symlinks/plugins/kinetic_player/ios`)

EXTERNAL SOURCES:
  Flutter:
    :path: Flutter
  integration_test:
    :path: ".symlinks/plugins/integration_test/ios"
  kinetic_player:
    :path: ".symlinks/plugins/kinetic_player/ios"

SPEC CHECKSUMS:
  Flutter: cabc95a1d2626b1b06e7179b784ebcf0c0cde467
  integration_test: 4a889634ef21a45d28d50d622cf412dc6d9f586e
  kinetic_player: 7b3101007dc013bc323cca7467e0477a10a341de

PODFILE CHECKSUM: f8c2dcdfb50bb67645580d28a6bf814fca30bdec

COCOAPODS: 1.16.2
