{
  "name": "kinetic-player-web",
  "version": "1.0.0",
  "lockfileVersion": 3,
  "requires": true,
  "packages": {
    "": {
      "name": "kinetic-player-web",
      "version": "1.0.0",
      "dependencies": {
        "artplayer": "5.4.0",
        "artplayer-plugin-ads": "1.0.6",
        "artplayer-plugin-ambilight": "1.1.0",
        "artplayer-plugin-asr": "2.1.0",
        "artplayer-plugin-audio-track": "1.1.0",
        "artplayer-plugin-auto-thumbnail": "1.1.0",
        "artplayer-plugin-chapter": "1.1.0",
        "artplayer-plugin-chromecast": "1.1.0",
        "artplayer-plugin-danmuku": "5.3.0",
        "artplayer-plugin-danmuku-mask": "1.1.0",
        "artplayer-plugin-dash-control": "1.1.0",
        "artplayer-plugin-document-pip": "1.1.0",
        "artplayer-plugin-hls-control": "1.1.0",
        "artplayer-plugin-jassub": "1.1.0",
        "artplayer-plugin-multiple-subtitles": "1.2.0",
        "artplayer-plugin-vast": "1.0.0",
        "artplayer-plugin-vtt-thumbnail": "1.1.0",
        "dashjs": "5.2.0",
        "hls.js": "1.6.16"
      },
      "devDependencies": {
        "esbuild": "^0.25.0",
        "typescript": "^5.8.0"
      }
    },
    "node_modules/@esbuild/aix-ppc64": {
      "version": "0.25.12",
      "resolved": "https://registry.npmjs.org/@esbuild/aix-ppc64/-/aix-ppc64-0.25.12.tgz",
      "integrity": "sha512-Hhmwd6CInZ3dwpuGTF8fJG6yoWmsToE+vYgD4nytZVxcu1ulHpUQRAB1UJ8+N1Am3Mz4+xOByoQoSZf4D+CpkA==",
      "cpu": [
        "ppc64"
      ],
      "dev": true,
      "license": "MIT",
      "optional": true,
      "os": [
        "aix"
      ],
      "engines": {
        "node": ">=18"
      }
    },
    "node_modules/@esbuild/android-arm": {
      "version": "0.25.12",
      "resolved": "https://registry.npmjs.org/@esbuild/android-arm/-/android-arm-0.25.12.tgz",
      "integrity": "sha512-VJ+sKvNA/GE7Ccacc9Cha7bpS8nyzVv0jdVgwNDaR4gDMC/2TTRc33Ip8qrNYUcpkOHUT5OZ0bUcNNVZQ9RLlg==",
      "cpu": [
        "arm"
      ],
      "dev": true,
      "license": "MIT",
      "optional": true,
      "os": [
        "android"
      ],
      "engines": {
        "node": ">=18"
      }
    },
    "node_modules/@esbuild/android-arm64": {
      "version": "0.25.12",
      "resolved": "https://registry.npmjs.org/@esbuild/android-arm64/-/android-arm64-0.25.12.tgz",
      "integrity": "sha512-6AAmLG7zwD1Z159jCKPvAxZd4y/VTO0VkprYy+3N2FtJ8+BQWFXU+OxARIwA46c5tdD9SsKGZ/1ocqBS/gAKHg==",
      "cpu": [
        "arm64"
      ],
      "dev": true,
      "license": "MIT",
      "optional": true,
      "os": [
        "android"
      ],
      "engines": {
        "node": ">=18"
      }
    },
    "node_modules/@esbuild/android-x64": {
      "version": "0.25.12",
      "resolved": "https://registry.npmjs.org/@esbuild/android-x64/-/android-x64-0.25.12.tgz",
      "integrity": "sha512-5jbb+2hhDHx5phYR2By8GTWEzn6I9UqR11Kwf22iKbNpYrsmRB18aX/9ivc5cabcUiAT/wM+YIZ6SG9QO6a8kg==",
      "cpu": [
        "x64"
      ],
      "dev": true,
      "license": "MIT",
      "optional": true,
      "os": [
        "android"
      ],
      "engines": {
        "node": ">=18"
      }
    },
    "node_modules/@esbuild/darwin-arm64": {
      "version": "0.25.12",
      "resolved": "https://registry.npmjs.org/@esbuild/darwin-arm64/-/darwin-arm64-0.25.12.tgz",
      "integrity": "sha512-N3zl+lxHCifgIlcMUP5016ESkeQjLj/959RxxNYIthIg+CQHInujFuXeWbWMgnTo4cp5XVHqFPmpyu9J65C1Yg==",
      "cpu": [
        "arm64"
      ],
      "dev": true,
      "license": "MIT",
      "optional": true,
      "os": [
        "darwin"
      ],
      "engines": {
        "node": ">=18"
      }
    },
    "node_modules/@esbuild/darwin-x64": {
      "version": "0.25.12",
      "resolved": "https://registry.npmjs.org/@esbuild/darwin-x64/-/darwin-x64-0.25.12.tgz",
      "integrity": "sha512-HQ9ka4Kx21qHXwtlTUVbKJOAnmG1ipXhdWTmNXiPzPfWKpXqASVcWdnf2bnL73wgjNrFXAa3yYvBSd9pzfEIpA==",
      "cpu": [
        "x64"
      ],
      "dev": true,
      "license": "MIT",
      "optional": true,
      "os": [
        "darwin"
      ],
      "engines": {
        "node": ">=18"
      }
    },
    "node_modules/@esbuild/freebsd-arm64": {
      "version": "0.25.12",
      "resolved": "https://registry.npmjs.org/@esbuild/freebsd-arm64/-/freebsd-arm64-0.25.12.tgz",
      "integrity": "sha512-gA0Bx759+7Jve03K1S0vkOu5Lg/85dou3EseOGUes8flVOGxbhDDh/iZaoek11Y8mtyKPGF3vP8XhnkDEAmzeg==",
      "cpu": [
        "arm64"
      ],
      "dev": true,
      "license": "MIT",
      "optional": true,
      "os": [
        "freebsd"
      ],
      "engines": {
        "node": ">=18"
      }
    },
    "node_modules/@esbuild/freebsd-x64": {
      "version": "0.25.12",
      "resolved": "https://registry.npmjs.org/@esbuild/freebsd-x64/-/freebsd-x64-0.25.12.tgz",
      "integrity": "sha512-TGbO26Yw2xsHzxtbVFGEXBFH0FRAP7gtcPE7P5yP7wGy7cXK2oO7RyOhL5NLiqTlBh47XhmIUXuGciXEqYFfBQ==",
      "cpu": [
        "x64"
      ],
      "dev": true,
      "license": "MIT",
      "optional": true,
      "os": [
        "freebsd"
      ],
      "engines": {
        "node": ">=18"
      }
    },
    "node_modules/@esbuild/linux-arm": {
      "version": "0.25.12",
      "resolved": "https://registry.npmjs.org/@esbuild/linux-arm/-/linux-arm-0.25.12.tgz",
      "integrity": "sha512-lPDGyC1JPDou8kGcywY0YILzWlhhnRjdof3UlcoqYmS9El818LLfJJc3PXXgZHrHCAKs/Z2SeZtDJr5MrkxtOw==",
      "cpu": [
        "arm"
      ],
      "dev": true,
      "license": "MIT",
      "optional": true,
      "os": [
        "linux"
      ],
      "engines": {
        "node": ">=18"
      }
    },
    "node_modules/@esbuild/linux-arm64": {
      "version": "0.25.12",
      "resolved": "https://registry.npmjs.org/@esbuild/linux-arm64/-/linux-arm64-0.25.12.tgz",
      "integrity": "sha512-8bwX7a8FghIgrupcxb4aUmYDLp8pX06rGh5HqDT7bB+8Rdells6mHvrFHHW2JAOPZUbnjUpKTLg6ECyzvas2AQ==",
      "cpu": [
        "arm64"
      ],
      "dev": true,
      "license": "MIT",
      "optional": true,
      "os": [
        "linux"
      ],
      "engines": {
        "node": ">=18"
      }
    },
    "node_modules/@esbuild/linux-ia32": {
      "version": "0.25.12",
      "resolved": "https://registry.npmjs.org/@esbuild/linux-ia32/-/linux-ia32-0.25.12.tgz",
      "integrity": "sha512-0y9KrdVnbMM2/vG8KfU0byhUN+EFCny9+8g202gYqSSVMonbsCfLjUO+rCci7pM0WBEtz+oK/PIwHkzxkyharA==",
      "cpu": [
        "ia32"
      ],
      "dev": true,
      "license": "MIT",
      "optional": true,
      "os": [
        "linux"
      ],
      "engines": {
        "node": ">=18"
      }
    },
    "node_modules/@esbuild/linux-loong64": {
      "version": "0.25.12",
      "resolved": "https://registry.npmjs.org/@esbuild/linux-loong64/-/linux-loong64-0.25.12.tgz",
      "integrity": "sha512-h///Lr5a9rib/v1GGqXVGzjL4TMvVTv+s1DPoxQdz7l/AYv6LDSxdIwzxkrPW438oUXiDtwM10o9PmwS/6Z0Ng==",
      "cpu": [
        "loong64"
      ],
      "dev": true,
      "license": "MIT",
      "optional": true,
      "os": [
        "linux"
      ],
      "engines": {
        "node": ">=18"
      }
    },
    "node_modules/@esbuild/linux-mips64el": {
      "version": "0.25.12",
      "resolved": "https://registry.npmjs.org/@esbuild/linux-mips64el/-/linux-mips64el-0.25.12.tgz",
      "integrity": "sha512-iyRrM1Pzy9GFMDLsXn1iHUm18nhKnNMWscjmp4+hpafcZjrr2WbT//d20xaGljXDBYHqRcl8HnxbX6uaA/eGVw==",
      "cpu": [
        "mips64el"
      ],
      "dev": true,
      "license": "MIT",
      "optional": true,
      "os": [
        "linux"
      ],
      "engines": {
        "node": ">=18"
      }
    },
    "node_modules/@esbuild/linux-ppc64": {
      "version": "0.25.12",
      "resolved": "https://registry.npmjs.org/@esbuild/linux-ppc64/-/linux-ppc64-0.25.12.tgz",
      "integrity": "sha512-9meM/lRXxMi5PSUqEXRCtVjEZBGwB7P/D4yT8UG/mwIdze2aV4Vo6U5gD3+RsoHXKkHCfSxZKzmDssVlRj1QQA==",
      "cpu": [
        "ppc64"
      ],
      "dev": true,
      "license": "MIT",
      "optional": true,
      "os": [
        "linux"
      ],
      "engines": {
        "node": ">=18"
      }
    },
    "node_modules/@esbuild/linux-riscv64": {
      "version": "0.25.12",
      "resolved": "https://registry.npmjs.org/@esbuild/linux-riscv64/-/linux-riscv64-0.25.12.tgz",
      "integrity": "sha512-Zr7KR4hgKUpWAwb1f3o5ygT04MzqVrGEGXGLnj15YQDJErYu/BGg+wmFlIDOdJp0PmB0lLvxFIOXZgFRrdjR0w==",
      "cpu": [
        "riscv64"
      ],
      "dev": true,
      "license": "MIT",
      "optional": true,
      "os": [
        "linux"
      ],
      "engines": {
        "node": ">=18"
      }
    },
    "node_modules/@esbuild/linux-s390x": {
      "version": "0.25.12",
      "resolved": "https://registry.npmjs.org/@esbuild/linux-s390x/-/linux-s390x-0.25.12.tgz",
      "integrity": "sha512-MsKncOcgTNvdtiISc/jZs/Zf8d0cl/t3gYWX8J9ubBnVOwlk65UIEEvgBORTiljloIWnBzLs4qhzPkJcitIzIg==",
      "cpu": [
        "s390x"
      ],
      "dev": true,
      "license": "MIT",
      "optional": true,
      "os": [
        "linux"
      ],
      "engines": {
        "node": ">=18"
      }
    },
    "node_modules/@esbuild/linux-x64": {
      "version": "0.25.12",
      "resolved": "https://registry.npmjs.org/@esbuild/linux-x64/-/linux-x64-0.25.12.tgz",
      "integrity": "sha512-uqZMTLr/zR/ed4jIGnwSLkaHmPjOjJvnm6TVVitAa08SLS9Z0VM8wIRx7gWbJB5/J54YuIMInDquWyYvQLZkgw==",
      "cpu": [
        "x64"
      ],
      "dev": true,
      "license": "MIT",
      "optional": true,
      "os": [
        "linux"
      ],
      "engines": {
        "node": ">=18"
      }
    },
    "node_modules/@esbuild/netbsd-arm64": {
      "version": "0.25.12",
      "resolved": "https://registry.npmjs.org/@esbuild/netbsd-arm64/-/netbsd-arm64-0.25.12.tgz",
      "integrity": "sha512-xXwcTq4GhRM7J9A8Gv5boanHhRa/Q9KLVmcyXHCTaM4wKfIpWkdXiMog/KsnxzJ0A1+nD+zoecuzqPmCRyBGjg==",
      "cpu": [
        "arm64"
      ],
      "dev": true,
      "license": "MIT",
      "optional": true,
      "os": [
        "netbsd"
      ],
      "engines": {
        "node": ">=18"
      }
    },
    "node_modules/@esbuild/netbsd-x64": {
      "version": "0.25.12",
      "resolved": "https://registry.npmjs.org/@esbuild/netbsd-x64/-/netbsd-x64-0.25.12.tgz",
      "integrity": "sha512-Ld5pTlzPy3YwGec4OuHh1aCVCRvOXdH8DgRjfDy/oumVovmuSzWfnSJg+VtakB9Cm0gxNO9BzWkj6mtO1FMXkQ==",
      "cpu": [
        "x64"
      ],
      "dev": true,
      "license": "MIT",
      "optional": true,
      "os": [
        "netbsd"
      ],
      "engines": {
        "node": ">=18"
      }
    },
    "node_modules/@esbuild/openbsd-arm64": {
      "version": "0.25.12",
      "resolved": "https://registry.npmjs.org/@esbuild/openbsd-arm64/-/openbsd-arm64-0.25.12.tgz",
      "integrity": "sha512-fF96T6KsBo/pkQI950FARU9apGNTSlZGsv1jZBAlcLL1MLjLNIWPBkj5NlSz8aAzYKg+eNqknrUJ24QBybeR5A==",
      "cpu": [
        "arm64"
      ],
      "dev": true,
      "license": "MIT",
      "optional": true,
      "os": [
        "openbsd"
      ],
      "engines": {
        "node": ">=18"
      }
    },
    "node_modules/@esbuild/openbsd-x64": {
      "version": "0.25.12",
      "resolved": "https://registry.npmjs.org/@esbuild/openbsd-x64/-/openbsd-x64-0.25.12.tgz",
      "integrity": "sha512-MZyXUkZHjQxUvzK7rN8DJ3SRmrVrke8ZyRusHlP+kuwqTcfWLyqMOE3sScPPyeIXN/mDJIfGXvcMqCgYKekoQw==",
      "cpu": [
        "x64"
      ],
      "dev": true,
      "license": "MIT",
      "optional": true,
      "os": [
        "openbsd"
      ],
      "engines": {
        "node": ">=18"
      }
    },
    "node_modules/@esbuild/openharmony-arm64": {
      "version": "0.25.12",
      "resolved": "https://registry.npmjs.org/@esbuild/openharmony-arm64/-/openharmony-arm64-0.25.12.tgz",
      "integrity": "sha512-rm0YWsqUSRrjncSXGA7Zv78Nbnw4XL6/dzr20cyrQf7ZmRcsovpcRBdhD43Nuk3y7XIoW2OxMVvwuRvk9XdASg==",
      "cpu": [
        "arm64"
      ],
      "dev": true,
      "license": "MIT",
      "optional": true,
      "os": [
        "openharmony"
      ],
      "engines": {
        "node": ">=18"
      }
    },
    "node_modules/@esbuild/sunos-x64": {
      "version": "0.25.12",
      "resolved": "https://registry.npmjs.org/@esbuild/sunos-x64/-/sunos-x64-0.25.12.tgz",
      "integrity": "sha512-3wGSCDyuTHQUzt0nV7bocDy72r2lI33QL3gkDNGkod22EsYl04sMf0qLb8luNKTOmgF/eDEDP5BFNwoBKH441w==",
      "cpu": [
        "x64"
      ],
      "dev": true,
      "license": "MIT",
      "optional": true,
      "os": [
        "sunos"
      ],
      "engines": {
        "node": ">=18"
      }
    },
    "node_modules/@esbuild/win32-arm64": {
      "version": "0.25.12",
      "resolved": "https://registry.npmjs.org/@esbuild/win32-arm64/-/win32-arm64-0.25.12.tgz",
      "integrity": "sha512-rMmLrur64A7+DKlnSuwqUdRKyd3UE7oPJZmnljqEptesKM8wx9J8gx5u0+9Pq0fQQW8vqeKebwNXdfOyP+8Bsg==",
      "cpu": [
        "arm64"
      ],
      "dev": true,
      "license": "MIT",
      "optional": true,
      "os": [
        "win32"
      ],
      "engines": {
        "node": ">=18"
      }
    },
    "node_modules/@esbuild/win32-ia32": {
      "version": "0.25.12",
      "resolved": "https://registry.npmjs.org/@esbuild/win32-ia32/-/win32-ia32-0.25.12.tgz",
      "integrity": "sha512-HkqnmmBoCbCwxUKKNPBixiWDGCpQGVsrQfJoVGYLPT41XWF8lHuE5N6WhVia2n4o5QK5M4tYr21827fNhi4byQ==",
      "cpu": [
        "ia32"
      ],
      "dev": true,
      "license": "MIT",
      "optional": true,
      "os": [
        "win32"
      ],
      "engines": {
        "node": ">=18"
      }
    },
    "node_modules/@esbuild/win32-x64": {
      "version": "0.25.12",
      "resolved": "https://registry.npmjs.org/@esbuild/win32-x64/-/win32-x64-0.25.12.tgz",
      "integrity": "sha512-alJC0uCZpTFrSL0CCDjcgleBXPnCrEAhTBILpeAp7M/OFgoqtAetfBzX0xM00MUsVVPpVjlPuMbREqnZCXaTnA==",
      "cpu": [
        "x64"
      ],
      "dev": true,
      "license": "MIT",
      "optional": true,
      "os": [
        "win32"
      ],
      "engines": {
        "node": ">=18"
      }
    },
    "node_modules/@glomex/vast-ima-player": {
      "version": "1.21.2",
      "resolved": "https://registry.npmjs.org/@glomex/vast-ima-player/-/vast-ima-player-1.21.2.tgz",
      "integrity": "sha512-dmWB5enpmCvDEIg0AwDWfGehnshg/nvUpuDzgyKLGmqQx8K0vl/1GXEvgrAhN4fVb0lCIgwB/rXFdBZ9yPLwhw==",
      "license": "Apache-2.0"
    },
    "node_modules/@mediapipe/selfie_segmentation": {
      "version": "0.1.1675465747",
      "resolved": "https://registry.npmjs.org/@mediapipe/selfie_segmentation/-/selfie_segmentation-0.1.1675465747.tgz",
      "integrity": "sha512-IxYxNhwE5VwOm52L1yoFWYLP7q9Pd+NJjzOC5tlepfvEGaY3o9hslhUrx9BgseqdfZtKSDtd/4NfCSMjNzQalA==",
      "license": "Apache-2.0"
    },
    "node_modules/@svta/cml-608": {
      "version": "1.0.2",
      "resolved": "https://registry.npmjs.org/@svta/cml-608/-/cml-608-1.0.2.tgz",
      "integrity": "sha512-ZEJ68330gcLKfvVv6Qifr1HR7+GldDUxzkjqSbqRK7jHtHSLSV1JAyDwlYe8+C7ABuY1bp8MpgJ4/Gg+jl+pLQ==",
      "license": "Apache-2.0",
      "engines": {
        "node": ">=20"
      }
    },
    "node_modules/@svta/cml-cmcd": {
      "version": "2.3.2",
      "resolved": "https://registry.npmjs.org/@svta/cml-cmcd/-/cml-cmcd-2.3.2.tgz",
      "integrity": "sha512-SKBBjLmci0WK8HMjuv+36tVIMktonoOoxsXblOFZmB+ePPV2zjRMTD+2ZmE/1VEPJkKHENyhSjSHgJyeOlvZ1A==",
      "license": "Apache-2.0",
      "engines": {
        "node": ">=20"
      },
      "peerDependencies": {
        "@svta/cml-structured-field-values": "1.1.3",
        "@svta/cml-utils": "1.5.0"
      }
    },
    "node_modules/@svta/cml-cmsd": {
      "version": "1.0.6",
      "resolved": "https://registry.npmjs.org/@svta/cml-cmsd/-/cml-cmsd-1.0.6.tgz",
      "integrity": "sha512-LUORV6bb0TbU4rSC2HoPqUCix1igLrXkRQXWiIyJo2OMzb14kAK/1jsW0mzY6up6w1GrjKQcjc6OwqJdo/zd/g==",
      "license": "Apache-2.0",
      "engines": {
        "node": ">=20"
      },
      "peerDependencies": {
        "@svta/cml-cta": "1.0.6",
        "@svta/cml-structured-field-values": "1.1.3",
        "@svta/cml-utils": "1.5.0"
      }
    },
    "node_modules/@svta/cml-cta": {
      "version": "1.0.6",
      "resolved": "https://registry.npmjs.org/@svta/cml-cta/-/cml-cta-1.0.6.tgz",
      "integrity": "sha512-l13/4myTX1EbRd38nY8J1umVY5UdR/nZO6CeKqVLXnMMIayg7/fu0TueZckjTA9Loal55MGK1xbHnXVjz7OUUw==",
      "license": "Apache-2.0",
      "peer": true,
      "engines": {
        "node": ">=20"
      },
      "peerDependencies": {
        "@svta/cml-structured-field-values": "1.1.3",
        "@svta/cml-utils": "1.5.0"
      }
    },
    "node_modules/@svta/cml-dash": {
      "version": "1.0.6",
      "resolved": "https://registry.npmjs.org/@svta/cml-dash/-/cml-dash-1.0.6.tgz",
      "integrity": "sha512-4XtHYlPrzL/dRe/8XmRQoLnTo9S86tISgrl67eUqKl5MtNTpZBYTncuPrspslPZPZROBBWNrBuepYfYUtU9CKA==",
      "license": "Apache-2.0",
      "engines": {
        "node": ">=20"
      },
      "peerDependencies": {
        "@svta/cml-utils": "1.5.0"
      }
    },
    "node_modules/@svta/cml-id3": {
      "version": "1.0.6",
      "resolved": "https://registry.npmjs.org/@svta/cml-id3/-/cml-id3-1.0.6.tgz",
      "integrity": "sha512-63j8gkAnPOmOBWlp0hIZPvsIioZttdbg6/TgwITqMYbSLYVJ+6QGa/UtIP0I84NsfstANw6QdCn7i8SS08kn1A==",
      "license": "Apache-2.0",
      "engines": {
        "node": ">=20"
      },
      "peerDependencies": {
        "@svta/cml-utils": "1.5.0"
      }
    },
    "node_modules/@svta/cml-request": {
      "version": "1.0.12",
      "resolved": "https://registry.npmjs.org/@svta/cml-request/-/cml-request-1.0.12.tgz",
      "integrity": "sha512-4sJvnnoNpq58j2mCGP8k+MF6wVy/qa4gbt6kfT1dPIKmn3mPxw+JVfilhcWsUi+peK2yCZxOJJYyHj1cAcQE1w==",
      "license": "Apache-2.0",
      "engines": {
        "node": ">=20"
      },
      "peerDependencies": {
        "@svta/cml-cmcd": "2.3.2",
        "@svta/cml-utils": "1.5.0",
        "@svta/cml-xml": "1.1.4"
      }
    },
    "node_modules/@svta/cml-structured-field-values": {
      "version": "1.1.3",
      "resolved": "https://registry.npmjs.org/@svta/cml-structured-field-values/-/cml-structured-field-values-1.1.3.tgz",
      "integrity": "sha512-XqLzQOTznz6kh/nsSh8dy1kV7GQjL4csG+2U5EvLGhAqNuNUczbVg5EAsDobKDVg8xhdthdXx2UuwM+ZHQCxSg==",
      "license": "Apache-2.0",
      "peer": true,
      "engines": {
        "node": ">=20"
      },
      "peerDependencies": {
        "@svta/cml-utils": "1.5.0"
      }
    },
    "node_modules/@svta/cml-utils": {
      "version": "1.5.0",
      "resolved": "https://registry.npmjs.org/@svta/cml-utils/-/cml-utils-1.5.0.tgz",
      "integrity": "sha512-JMqclD7Akd+GSJiuaYNUHOP2wNtf/nauKeszlYeivSHfi0Lp3pmSW5PXDvJ2dO4aPmmSOQbF0ztTsW9Vcs2Whw==",
      "license": "Apache-2.0",
      "peer": true,
      "engines": {
        "node": ">=20"
      }
    },
    "node_modules/@svta/cml-xml": {
      "version": "1.1.4",
      "resolved": "https://registry.npmjs.org/@svta/cml-xml/-/cml-xml-1.1.4.tgz",
      "integrity": "sha512-jbixqjiJIc16SGxylHwiOzO+DuhkGfuP+fJ9AHeVJKdFDKnabgfCDpnp6dvZpZnjMj4nHvzVtuUV7RISPIwYXw==",
      "license": "Apache-2.0",
      "engines": {
        "node": ">=20"
      },
      "peerDependencies": {
        "@svta/cml-utils": "1.5.0"
      }
    },
    "node_modules/@tensorflow-models/body-segmentation": {
      "version": "1.0.2",
      "resolved": "https://registry.npmjs.org/@tensorflow-models/body-segmentation/-/body-segmentation-1.0.2.tgz",
      "integrity": "sha512-sbPiL8wpqfKqh01of6qguZzU9yLWOQDTwiPEIHFPA/EAjz5T51LKHKIySll+mmteRo/TxNED8pxd9VJ6q2r7kg==",
      "license": "Apache-2.0",
      "dependencies": {
        "rimraf": "^3.0.2"
      },
      "peerDependencies": {
        "@mediapipe/selfie_segmentation": "~0.1.0",
        "@tensorflow/tfjs-backend-webgl": "^4.9.0",
        "@tensorflow/tfjs-converter": "^4.9.0",
        "@tensorflow/tfjs-core": "^4.9.0"
      }
    },
    "node_modules/@tensorflow/tfjs-backend-cpu": {
      "version": "4.22.0",
      "resolved": "https://registry.npmjs.org/@tensorflow/tfjs-backend-cpu/-/tfjs-backend-cpu-4.22.0.tgz",
      "integrity": "sha512-1u0FmuLGuRAi8D2c3cocHTASGXOmHc/4OvoVDENJayjYkS119fcTcQf4iHrtLthWyDIPy3JiPhRrZQC9EwnhLw==",
      "license": "Apache-2.0",
      "dependencies": {
        "@types/seedrandom": "^2.4.28",
        "seedrandom": "^3.0.5"
      },
      "engines": {
        "yarn": ">= 1.3.2"
      },
      "peerDependencies": {
        "@tensorflow/tfjs-core": "4.22.0"
      }
    },
    "node_modules/@tensorflow/tfjs-backend-webgl": {
      "version": "4.22.0",
      "resolved": "https://registry.npmjs.org/@tensorflow/tfjs-backend-webgl/-/tfjs-backend-webgl-4.22.0.tgz",
      "integrity": "sha512-H535XtZWnWgNwSzv538czjVlbJebDl5QTMOth4RXr2p/kJ1qSIXE0vZvEtO+5EC9b00SvhplECny2yDewQb/Yg==",
      "license": "Apache-2.0",
      "dependencies": {
        "@tensorflow/tfjs-backend-cpu": "4.22.0",
        "@types/offscreencanvas": "~2019.3.0",
        "@types/seedrandom": "^2.4.28",
        "seedrandom": "^3.0.5"
      },
      "engines": {
        "yarn": ">= 1.3.2"
      },
      "peerDependencies": {
        "@tensorflow/tfjs-core": "4.22.0"
      }
    },
    "node_modules/@tensorflow/tfjs-converter": {
      "version": "4.22.0",
      "resolved": "https://registry.npmjs.org/@tensorflow/tfjs-converter/-/tfjs-converter-4.22.0.tgz",
      "integrity": "sha512-PT43MGlnzIo+YfbsjM79Lxk9lOq6uUwZuCc8rrp0hfpLjF6Jv8jS84u2jFb+WpUeuF4K33ZDNx8CjiYrGQ2trQ==",
      "license": "Apache-2.0",
      "peerDependencies": {
        "@tensorflow/tfjs-core": "4.22.0"
      }
    },
    "node_modules/@tensorflow/tfjs-core": {
      "version": "4.22.0",
      "resolved": "https://registry.npmjs.org/@tensorflow/tfjs-core/-/tfjs-core-4.22.0.tgz",
      "integrity": "sha512-LEkOyzbknKFoWUwfkr59vSB68DMJ4cjwwHgicXN0DUi3a0Vh1Er3JQqCI1Hl86GGZQvY8ezVrtDIvqR1ZFW55A==",
      "license": "Apache-2.0",
      "dependencies": {
        "@types/long": "^4.0.1",
        "@types/offscreencanvas": "~2019.7.0",
        "@types/seedrandom": "^2.4.28",
        "@webgpu/types": "0.1.38",
        "long": "4.0.0",
        "node-fetch": "~2.6.1",
        "seedrandom": "^3.0.5"
      },
      "engines": {
        "yarn": ">= 1.3.2"
      }
    },
    "node_modules/@tensorflow/tfjs-core/node_modules/@types/offscreencanvas": {
      "version": "2019.7.3",
      "resolved": "https://registry.npmjs.org/@types/offscreencanvas/-/offscreencanvas-2019.7.3.tgz",
      "integrity": "sha512-ieXiYmgSRXUDeOntE1InxjWyvEelZGP63M+cGuquuRLuIKKT1osnkXjxev9B7d1nXSug5vpunx+gNlbVxMlC9A==",
      "license": "MIT"
    },
    "node_modules/@types/long": {
      "version": "4.0.2",
      "resolved": "https://registry.npmjs.org/@types/long/-/long-4.0.2.tgz",
      "integrity": "sha512-MqTGEo5bj5t157U6fA/BiDynNkn0YknVdh48CMPkTSpFTVmvao5UQmm7uEF6xBEo7qIMAlY/JSleYaE6VOdpaA==",
      "license": "MIT"
    },
    "node_modules/@types/offscreencanvas": {
      "version": "2019.3.0",
      "resolved": "https://registry.npmjs.org/@types/offscreencanvas/-/offscreencanvas-2019.3.0.tgz",
      "integrity": "sha512-esIJx9bQg+QYF0ra8GnvfianIY8qWB0GBx54PK5Eps6m+xTj86KLavHv6qDhzKcu5UUOgNfJ2pWaIIV7TRUd9Q==",
      "license": "MIT"
    },
    "node_modules/@types/seedrandom": {
      "version": "2.4.34",
      "resolved": "https://registry.npmjs.org/@types/seedrandom/-/seedrandom-2.4.34.tgz",
      "integrity": "sha512-ytDiArvrn/3Xk6/vtylys5tlY6eo7Ane0hvcx++TKo6RxQXuVfW0AF/oeWqAj9dN29SyhtawuXstgmPlwNcv/A==",
      "license": "MIT"
    },
    "node_modules/@webgpu/types": {
      "version": "0.1.38",
      "resolved": "https://registry.npmjs.org/@webgpu/types/-/types-0.1.38.tgz",
      "integrity": "sha512-7LrhVKz2PRh+DD7+S+PVaFd5HxaWQvoMqBbsV9fNJO1pjUs1P8bM2vQVNfk+3URTqbuTI7gkXi0rfsN0IadoBA==",
      "license": "BSD-3-Clause"
    },
    "node_modules/artplayer": {
      "version": "5.4.0",
      "resolved": "https://registry.npmjs.org/artplayer/-/artplayer-5.4.0.tgz",
      "integrity": "sha512-2B+plbx8N2yNsjK4nJU3+EOG8TULm1LRZk/QPkWRAMEX2Ee/MSnZG/WJYz8kcoZxZuLKcQ3uXifqLuPxZOH29A==",
      "license": "MIT",
      "dependencies": {
        "option-validator": "^2.0.6"
      }
    },
    "node_modules/artplayer-plugin-ads": {
      "version": "1.0.6",
      "resolved": "https://registry.npmjs.org/artplayer-plugin-ads/-/artplayer-plugin-ads-1.0.6.tgz",
      "integrity": "sha512-KMGGf7lhgj6DQXHPOg28jWYkVmDfOZJ4Gr4iF28Wy2GXNPh2ZJtlsFQ2IuWqXCElRPvSLzYK5HugF0OUnVszaw==",
      "license": "MIT"
    },
    "node_modules/artplayer-plugin-ambilight": {
      "version": "1.1.0",
      "resolved": "https://registry.npmjs.org/artplayer-plugin-ambilight/-/artplayer-plugin-ambilight-1.1.0.tgz",
      "integrity": "sha512-FkMI7bn9HovJMfEdgkKbo7/vPt6vrzcpELTaC/vM7B99FPSMWzAf6GAE0xnNxU3KibYcBV5gXnBgvHgpG2xq2A==",
      "license": "MIT"
    },
    "node_modules/artplayer-plugin-asr": {
      "version": "2.1.0",
      "resolved": "https://registry.npmjs.org/artplayer-plugin-asr/-/artplayer-plugin-asr-2.1.0.tgz",
      "integrity": "sha512-15gXff458PAx9LeJxKzZEvmpFhfwKUfSLgb1Mfr7Xb/ZGsnE+6EA7ezTnO5S55W5mFExjv/e95iOIXP4ijuruQ==",
      "license": "MIT"
    },
    "node_modules/artplayer-plugin-audio-track": {
      "version": "1.1.0",
      "resolved": "https://registry.npmjs.org/artplayer-plugin-audio-track/-/artplayer-plugin-audio-track-1.1.0.tgz",
      "integrity": "sha512-pvvHvTSqC2+sBelwYyjAv2CVmaQgG9KpX+i96t/e8oyZRX/JuepC9iSVIp7GzB3AtliFzhVamksT+8lXvD3RCg==",
      "license": "MIT"
    },
    "node_modules/artplayer-plugin-auto-thumbnail": {
      "version": "1.1.0",
      "resolved": "https://registry.npmjs.org/artplayer-plugin-auto-thumbnail/-/artplayer-plugin-auto-thumbnail-1.1.0.tgz",
      "integrity": "sha512-ALrcLv+qEDime+R8p4628RZTfMGlrpX6d7PLIQaYWsQEN3lPzVjcVcARCFpqnFI8gvRdqt21w72sJphf50xtVw==",
      "license": "MIT"
    },
    "node_modules/artplayer-plugin-chapter": {
      "version": "1.1.0",
      "resolved": "https://registry.npmjs.org/artplayer-plugin-chapter/-/artplayer-plugin-chapter-1.1.0.tgz",
      "integrity": "sha512-ji66Lr2K2S+OjFMuMby3yq+pefWlOC51Sbpop/DIr2N6w3F0smrF+YZbshN1Dy8/Tx1TYpT7N6WkkZWy5Jix1w==",
      "license": "MIT"
    },
    "node_modules/artplayer-plugin-chromecast": {
      "version": "1.1.0",
      "resolved": "https://registry.npmjs.org/artplayer-plugin-chromecast/-/artplayer-plugin-chromecast-1.1.0.tgz",
      "integrity": "sha512-3xrHj1CHe0Tt8gNMUB9A1epuW4OrbPsa1T9MNFy4AfQsjhYAhWAmef6hYu1GdHdADDybXBtVHP50gQ+EW+ddcw==",
      "license": "MIT"
    },
    "node_modules/artplayer-plugin-danmuku": {
      "version": "5.3.0",
      "resolved": "https://registry.npmjs.org/artplayer-plugin-danmuku/-/artplayer-plugin-danmuku-5.3.0.tgz",
      "integrity": "sha512-a76bU1cWEZr53hD1X8IHfOzS4QawGHn8dQ3fIYyJ5TsyhTSnznhi2WzkS8M7LL3H02ekXRZTUFan9+9EERk12g==",
      "license": "MIT"
    },
    "node_modules/artplayer-plugin-danmuku-mask": {
      "version": "1.1.0",
      "resolved": "https://registry.npmjs.org/artplayer-plugin-danmuku-mask/-/artplayer-plugin-danmuku-mask-1.1.0.tgz",
      "integrity": "sha512-VBmmwtNLj0TKYz9lWbyQ7A8osQHdyDiPMazP9g1UZbLyw/rMJ3qRclMgszRpZHN9hod0dQl2iYSJDoaqu3hGOQ==",
      "license": "MIT",
      "dependencies": {
        "@mediapipe/selfie_segmentation": "^0.1.1675465747",
        "@tensorflow-models/body-segmentation": "^1.0.2",
        "@tensorflow/tfjs-backend-cpu": "^4.21.0",
        "@tensorflow/tfjs-backend-webgl": "^4.21.0",
        "@tensorflow/tfjs-converter": "^4.21.0",
        "@tensorflow/tfjs-core": "^4.21.0"
      }
    },
    "node_modules/artplayer-plugin-dash-control": {
      "version": "1.1.0",
      "resolved": "https://registry.npmjs.org/artplayer-plugin-dash-control/-/artplayer-plugin-dash-control-1.1.0.tgz",
      "integrity": "sha512-EssRkzYXWcln3a6nAzi4ESacBhzMih8s0bzdjXuvBBCh2UFmvK99ITD5E+0cuU8i5ZzIQGQSdce1/gANTrX0BQ==",
      "license": "MIT"
    },
    "node_modules/artplayer-plugin-document-pip": {
      "version": "1.1.0",
      "resolved": "https://registry.npmjs.org/artplayer-plugin-document-pip/-/artplayer-plugin-document-pip-1.1.0.tgz",
      "integrity": "sha512-+HCrlO+bQwBrig1bI/IIxgGvbcG7i+aNHAnR5vLqB+RdyIY+FKCHyEe0o9yZREnbYOe0XJVqjv2buEVrouzdoQ==",
      "license": "MIT"
    },
    "node_modules/artplayer-plugin-hls-control": {
      "version": "1.1.0",
      "resolved": "https://registry.npmjs.org/artplayer-plugin-hls-control/-/artplayer-plugin-hls-control-1.1.0.tgz",
      "integrity": "sha512-lWN5oUOWDorWFHdzKcmy9Z8eHcf5f5EcUGDrxBsZBX7aEL5dGRlHPQ5+wqQEizr38D9PYPfTI/nCyun2yFopEw==",
      "license": "MIT"
    },
    "node_modules/artplayer-plugin-jassub": {
      "version": "1.1.0",
      "resolved": "https://registry.npmjs.org/artplayer-plugin-jassub/-/artplayer-plugin-jassub-1.1.0.tgz",
      "integrity": "sha512-vQwEtZMmkwr5utbxfUAeE/gRccl2nfcz+SYP2Subn/L8cVIFdMXWMgicm7ZkPVtAoBbCav7p0yP4pwXkCKMzAg==",
      "license": "MIT"
    },
    "node_modules/artplayer-plugin-multiple-subtitles": {
      "version": "1.2.0",
      "resolved": "https://registry.npmjs.org/artplayer-plugin-multiple-subtitles/-/artplayer-plugin-multiple-subtitles-1.2.0.tgz",
      "integrity": "sha512-3mzoHkgKx3KVdxKQBwLkjetPF6WjJtro5uQNdse8FqUeiV0afbywLnP6H8lcDN/Fwgp2VlBknrs2+COiyFdV8g==",
      "license": "MIT"
    },
    "node_modules/artplayer-plugin-vast": {
      "version": "1.0.0",
      "resolved": "https://registry.npmjs.org/artplayer-plugin-vast/-/artplayer-plugin-vast-1.0.0.tgz",
      "integrity": "sha512-6ia0BYlZMBUAbvfqPq6RD3kvCP/Vpnqjs4zgzcio0CUh3a/iJkp+caKFOFjROfilbL+B0lXUiA7U1kS9KqEwTg==",
      "license": "MIT",
      "dependencies": {
        "@glomex/vast-ima-player": "^1.21.0"
      }
    },
    "node_modules/artplayer-plugin-vtt-thumbnail": {
      "version": "1.1.0",
      "resolved": "https://registry.npmjs.org/artplayer-plugin-vtt-thumbnail/-/artplayer-plugin-vtt-thumbnail-1.1.0.tgz",
      "integrity": "sha512-p5HIiaxBEN0CV4FWOWXCfy6hcQL59JuFIGUbQtVg9AcunPg2gJ1cJ8P0HEQ/ngH6tl1/puxrJIKydoAdX5L2dw==",
      "license": "MIT"
    },
    "node_modules/balanced-match": {
      "version": "1.0.2",
      "resolved": "https://registry.npmjs.org/balanced-match/-/balanced-match-1.0.2.tgz",
      "integrity": "sha512-3oSeUO0TMV67hN1AmbXsK4yaqU7tjiHlbxRDZOpH0KW9+CeX4bRAaX0Anxt0tx2MrpRpWwQaPwIlISEJhYU5Pw==",
      "license": "MIT"
    },
    "node_modules/bcp-47-match": {
      "version": "2.0.3",
      "resolved": "https://registry.npmjs.org/bcp-47-match/-/bcp-47-match-2.0.3.tgz",
      "integrity": "sha512-JtTezzbAibu8G0R9op9zb3vcWZd9JF6M0xOYGPn0fNCd7wOpRB1mU2mH9T8gaBGbAAyIIVgB2G7xG0GP98zMAQ==",
      "license": "MIT",
      "funding": {
        "type": "github",
        "url": "https://github.com/sponsors/wooorm"
      }
    },
    "node_modules/brace-expansion": {
      "version": "1.1.16",
      "resolved": "https://registry.npmjs.org/brace-expansion/-/brace-expansion-1.1.16.tgz",
      "integrity": "sha512-IDw48K2/2kRkg9LdJxurvq3lV3aBgq0REY89duEqFRthjlPdXHKMj7EnQOXVckxzgisinf3nHfrcE2FufFLXMw==",
      "license": "MIT",
      "dependencies": {
        "balanced-match": "^1.0.0",
        "concat-map": "0.0.1"
      }
    },
    "node_modules/codem-isoboxer": {
      "version": "0.3.10",
      "resolved": "https://registry.npmjs.org/codem-isoboxer/-/codem-isoboxer-0.3.10.tgz",
      "integrity": "sha512-eNk3TRV+xQMJ1PEj0FQGY8KD4m0GPxT487XJ+Iftm7mVa9WpPFDMWqPt+46buiP5j5Wzqe5oMIhqBcAeKfygSA==",
      "license": "MIT"
    },
    "node_modules/concat-map": {
      "version": "0.0.1",
      "resolved": "https://registry.npmjs.org/concat-map/-/concat-map-0.0.1.tgz",
      "integrity": "sha512-/Srv4dswyQNBfohGpz9o6Yb3Gz3SrUDqBH5rTuhGR7ahtlbYKnVxw2bCFMRljaA7EXHaXZ8wsHdodFvbkhKmqg==",
      "license": "MIT"
    },
    "node_modules/dashjs": {
      "version": "5.2.0",
      "resolved": "https://registry.npmjs.org/dashjs/-/dashjs-5.2.0.tgz",
      "integrity": "sha512-2W2KHFN53Sk7+rtdnIfSUK/3Oov+hraMTeVZwDOTSCNKM1cQtFiJdblNzRMnl59a/QDseG7JW+PC9mh/B+CMcg==",
      "license": "BSD-3-Clause",
      "dependencies": {
        "@svta/cml-608": "1.0.2",
        "@svta/cml-cmcd": "2.3.2",
        "@svta/cml-cmsd": "1.0.6",
        "@svta/cml-dash": "1.0.6",
        "@svta/cml-id3": "1.0.6",
        "@svta/cml-request": "1.0.12",
        "@svta/cml-xml": "1.1.4",
        "bcp-47-match": "^2.0.3",
        "codem-isoboxer": "0.3.10",
        "fast-deep-equal": "3.1.3",
        "html-entities": "^2.6.0",
        "imsc": "^1.1.5",
        "localforage": "^1.10.0",
        "path-browserify": "^1.0.1"
      },
      "engines": {
        "node": ">=20"
      }
    },
    "node_modules/esbuild": {
      "version": "0.25.12",
      "resolved": "https://registry.npmjs.org/esbuild/-/esbuild-0.25.12.tgz",
      "integrity": "sha512-bbPBYYrtZbkt6Os6FiTLCTFxvq4tt3JKall1vRwshA3fdVztsLAatFaZobhkBC8/BrPetoa0oksYoKXoG4ryJg==",
      "dev": true,
      "hasInstallScript": true,
      "license": "MIT",
      "bin": {
        "esbuild": "bin/esbuild"
      },
      "engines": {
        "node": ">=18"
      },
      "optionalDependencies": {
        "@esbuild/aix-ppc64": "0.25.12",
        "@esbuild/android-arm": "0.25.12",
        "@esbuild/android-arm64": "0.25.12",
        "@esbuild/android-x64": "0.25.12",
        "@esbuild/darwin-arm64": "0.25.12",
        "@esbuild/darwin-x64": "0.25.12",
        "@esbuild/freebsd-arm64": "0.25.12",
        "@esbuild/freebsd-x64": "0.25.12",
        "@esbuild/linux-arm": "0.25.12",
        "@esbuild/linux-arm64": "0.25.12",
        "@esbuild/linux-ia32": "0.25.12",
        "@esbuild/linux-loong64": "0.25.12",
        "@esbuild/linux-mips64el": "0.25.12",
        "@esbuild/linux-ppc64": "0.25.12",
        "@esbuild/linux-riscv64": "0.25.12",
        "@esbuild/linux-s390x": "0.25.12",
        "@esbuild/linux-x64": "0.25.12",
        "@esbuild/netbsd-arm64": "0.25.12",
        "@esbuild/netbsd-x64": "0.25.12",
        "@esbuild/openbsd-arm64": "0.25.12",
        "@esbuild/openbsd-x64": "0.25.12",
        "@esbuild/openharmony-arm64": "0.25.12",
        "@esbuild/sunos-x64": "0.25.12",
        "@esbuild/win32-arm64": "0.25.12",
        "@esbuild/win32-ia32": "0.25.12",
        "@esbuild/win32-x64": "0.25.12"
      }
    },
    "node_modules/fast-deep-equal": {
      "version": "3.1.3",
      "resolved": "https://registry.npmjs.org/fast-deep-equal/-/fast-deep-equal-3.1.3.tgz",
      "integrity": "sha512-f3qQ9oQy9j2AhBe/H9VC91wLmKBCCU/gDOnKNAYG5hswO7BLKj09Hc5HYNz9cGI++xlpDCIgDaitVs03ATR84Q==",
      "license": "MIT"
    },
    "node_modules/fs.realpath": {
      "version": "1.0.0",
      "resolved": "https://registry.npmjs.org/fs.realpath/-/fs.realpath-1.0.0.tgz",
      "integrity": "sha512-OO0pH2lK6a0hZnAdau5ItzHPI6pUlvI7jMVnxUQRtw4owF2wk8lOSabtGDCTP4Ggrg2MbGnWO9X8K1t4+fGMDw==",
      "license": "ISC"
    },
    "node_modules/glob": {
      "version": "7.2.3",
      "resolved": "https://registry.npmjs.org/glob/-/glob-7.2.3.tgz",
      "integrity": "sha512-nFR0zLpU2YCaRxwoCJvL6UvCH2JFyFVIvwTLsIf21AuHlMskA1hhTdk+LlYJtOlYt9v6dvszD2BGRqBL+iQK9Q==",
      "deprecated": "Old versions of glob are not supported, and contain widely publicized security vulnerabilities, which have been fixed in the current version. Please update. Support for old versions may be purchased (at exorbitant rates) by contacting i@izs.me",
      "license": "ISC",
      "dependencies": {
        "fs.realpath": "^1.0.0",
        "inflight": "^1.0.4",
        "inherits": "2",
        "minimatch": "^3.1.1",
        "once": "^1.3.0",
        "path-is-absolute": "^1.0.0"
      },
      "engines": {
        "node": "*"
      },
      "funding": {
        "url": "https://github.com/sponsors/isaacs"
      }
    },
    "node_modules/hls.js": {
      "version": "1.6.16",
      "resolved": "https://registry.npmjs.org/hls.js/-/hls.js-1.6.16.tgz",
      "integrity": "sha512-VSIRpLfRwlAAdGL4wiTucx2ScRipo0ed1FBatWkyt832jC4CReKstga6yIhYVwGu9LOBjuX9wzmRMeQdBJtzEA==",
      "license": "Apache-2.0"
    },
    "node_modules/html-entities": {
      "version": "2.6.0",
      "resolved": "https://registry.npmjs.org/html-entities/-/html-entities-2.6.0.tgz",
      "integrity": "sha512-kig+rMn/QOVRvr7c86gQ8lWXq+Hkv6CbAH1hLu+RG338StTpE8Z0b44SDVaqVu7HGKf27frdmUYEs9hTUX/cLQ==",
      "funding": [
        {
          "type": "github",
          "url": "https://github.com/sponsors/mdevils"
        },
        {
          "type": "patreon",
          "url": "https://patreon.com/mdevils"
        }
      ],
      "license": "MIT"
    },
    "node_modules/immediate": {
      "version": "3.0.6",
      "resolved": "https://registry.npmjs.org/immediate/-/immediate-3.0.6.tgz",
      "integrity": "sha512-XXOFtyqDjNDAQxVfYxuF7g9Il/IbWmmlQg2MYKOH8ExIT1qg6xc4zyS3HaEEATgs1btfzxq15ciUiY7gjSXRGQ==",
      "license": "MIT"
    },
    "node_modules/imsc": {
      "version": "1.1.5",
      "resolved": "https://registry.npmjs.org/imsc/-/imsc-1.1.5.tgz",
      "integrity": "sha512-V8je+CGkcvGhgl2C1GlhqFFiUOIEdwXbXLiu1Fcubvvbo+g9inauqT3l0pNYXGoLPBj3jxtZz9t+wCopMkwadQ==",
      "license": "BSD-2-Clause",
      "dependencies": {
        "sax": "1.2.1"
      }
    },
    "node_modules/inflight": {
      "version": "1.0.6",
      "resolved": "https://registry.npmjs.org/inflight/-/inflight-1.0.6.tgz",
      "integrity": "sha512-k92I/b08q4wvFscXCLvqfsHCrjrF7yiXsQuIVvVE7N82W3+aqpzuUdBbfhWcy/FZR3/4IgflMgKLOsvPDrGCJA==",
      "deprecated": "This module is not supported, and leaks memory. Do not use it. Check out lru-cache if you want a good and tested way to coalesce async requests by a key value, which is much more comprehensive and powerful.",
      "license": "ISC",
      "dependencies": {
        "once": "^1.3.0",
        "wrappy": "1"
      }
    },
    "node_modules/inherits": {
      "version": "2.0.4",
      "resolved": "https://registry.npmjs.org/inherits/-/inherits-2.0.4.tgz",
      "integrity": "sha512-k/vGaX4/Yla3WzyMCvTQOXYeIHvqOKtnqBduzTHpzpQZzAskKMhZ2K+EnBiSM9zGSoIFeMpXKxa4dYeZIQqewQ==",
      "license": "ISC"
    },
    "node_modules/kind-of": {
      "version": "6.0.3",
      "resolved": "https://registry.npmjs.org/kind-of/-/kind-of-6.0.3.tgz",
      "integrity": "sha512-dcS1ul+9tmeD95T+x28/ehLgd9mENa3LsvDTtzm3vyBEO7RPptvAD+t44WVXaUjTBRcrpFeFlC8WCruUR456hw==",
      "license": "MIT",
      "engines": {
        "node": ">=0.10.0"
      }
    },
    "node_modules/lie": {
      "version": "3.1.1",
      "resolved": "https://registry.npmjs.org/lie/-/lie-3.1.1.tgz",
      "integrity": "sha512-RiNhHysUjhrDQntfYSfY4MU24coXXdEOgw9WGcKHNeEwffDYbF//u87M1EWaMGzuFoSbqW0C9C6lEEhDOAswfw==",
      "license": "MIT",
      "dependencies": {
        "immediate": "~3.0.5"
      }
    },
    "node_modules/localforage": {
      "version": "1.10.0",
      "resolved": "https://registry.npmjs.org/localforage/-/localforage-1.10.0.tgz",
      "integrity": "sha512-14/H1aX7hzBBmmh7sGPd+AOMkkIrHM3Z1PAyGgZigA1H1p5O5ANnMyWzvpAETtG68/dC4pC0ncy3+PPGzXZHPg==",
      "license": "Apache-2.0",
      "dependencies": {
        "lie": "3.1.1"
      }
    },
    "node_modules/long": {
      "version": "4.0.0",
      "resolved": "https://registry.npmjs.org/long/-/long-4.0.0.tgz",
      "integrity": "sha512-XsP+KhQif4bjX1kbuSiySJFNAehNxgLb6hPRGJ9QsUr8ajHkuXGdrHmFUTUUXhDwVX2R5bY4JNZEwbUiMhV+MA==",
      "license": "Apache-2.0"
    },
    "node_modules/minimatch": {
      "version": "3.1.5",
      "resolved": "https://registry.npmjs.org/minimatch/-/minimatch-3.1.5.tgz",
      "integrity": "sha512-VgjWUsnnT6n+NUk6eZq77zeFdpW2LWDzP6zFGrCbHXiYNul5Dzqk2HHQ5uFH2DNW5Xbp8+jVzaeNt94ssEEl4w==",
      "license": "ISC",
      "dependencies": {
        "brace-expansion": "^1.1.7"
      },
      "engines": {
        "node": "*"
      }
    },
    "node_modules/node-fetch": {
      "version": "2.6.13",
      "resolved": "https://registry.npmjs.org/node-fetch/-/node-fetch-2.6.13.tgz",
      "integrity": "sha512-StxNAxh15zr77QvvkmveSQ8uCQ4+v5FkvNTj0OESmiHu+VRi/gXArXtkWMElOsOUNLtUEvI4yS+rdtOHZTwlQA==",
      "license": "MIT",
      "dependencies": {
        "whatwg-url": "^5.0.0"
      },
      "engines": {
        "node": "4.x || >=6.0.0"
      },
      "peerDependencies": {
        "encoding": "^0.1.0"
      },
      "peerDependenciesMeta": {
        "encoding": {
          "optional": true
        }
      }
    },
    "node_modules/once": {
      "version": "1.4.0",
      "resolved": "https://registry.npmjs.org/once/-/once-1.4.0.tgz",
      "integrity": "sha512-lNaJgI+2Q5URQBkccEKHTQOPaXdUxnZZElQTZY0MFUAuaEqe1E+Nyvgdz/aIyNi6Z9MzO5dv1H8n58/GELp3+w==",
      "license": "ISC",
      "dependencies": {
        "wrappy": "1"
      }
    },
    "node_modules/option-validator": {
      "version": "2.0.6",
      "resolved": "https://registry.npmjs.org/option-validator/-/option-validator-2.0.6.tgz",
      "integrity": "sha512-tmZDan2LRIRQyhUGvkff68/O0R8UmF+Btmiiz0SmSw2ng3CfPZB9wJlIjHpe/MKUZqyIZkVIXCrwr1tIN+0Dzg==",
      "license": "MIT",
      "dependencies": {
        "kind-of": "^6.0.3"
      }
    },
    "node_modules/path-browserify": {
      "version": "1.0.1",
      "resolved": "https://registry.npmjs.org/path-browserify/-/path-browserify-1.0.1.tgz",
      "integrity": "sha512-b7uo2UCUOYZcnF/3ID0lulOJi/bafxa1xPe7ZPsammBSpjSWQkjNxlt635YGS2MiR9GjvuXCtz2emr3jbsz98g==",
      "license": "MIT"
    },
    "node_modules/path-is-absolute": {
      "version": "1.0.1",
      "resolved": "https://registry.npmjs.org/path-is-absolute/-/path-is-absolute-1.0.1.tgz",
      "integrity": "sha512-AVbw3UJ2e9bq64vSaS9Am0fje1Pa8pbGqTTsmXfaIiMpnr5DlDhfJOuLj9Sf95ZPVDAUerDfEk88MPmPe7UCQg==",
      "license": "MIT",
      "engines": {
        "node": ">=0.10.0"
      }
    },
    "node_modules/rimraf": {
      "version": "3.0.2",
      "resolved": "https://registry.npmjs.org/rimraf/-/rimraf-3.0.2.tgz",
      "integrity": "sha512-JZkJMZkAGFFPP2YqXZXPbMlMBgsxzE8ILs4lMIX/2o0L9UBw9O/Y3o6wFw/i9YLapcUJWwqbi3kdxIPdC62TIA==",
      "deprecated": "Rimraf versions prior to v4 are no longer supported",
      "license": "ISC",
      "dependencies": {
        "glob": "^7.1.3"
      },
      "bin": {
        "rimraf": "bin.js"
      },
      "funding": {
        "url": "https://github.com/sponsors/isaacs"
      }
    },
    "node_modules/sax": {
      "version": "1.2.1",
      "resolved": "https://registry.npmjs.org/sax/-/sax-1.2.1.tgz",
      "integrity": "sha512-8I2a3LovHTOpm7NV5yOyO8IHqgVsfK4+UuySrXU8YXkSRX7k6hCV9b3HrkKCr3nMpgj+0bmocaJJWpvp1oc7ZA==",
      "license": "ISC"
    },
    "node_modules/seedrandom": {
      "version": "3.0.5",
      "resolved": "https://registry.npmjs.org/seedrandom/-/seedrandom-3.0.5.tgz",
      "integrity": "sha512-8OwmbklUNzwezjGInmZ+2clQmExQPvomqjL7LFqOYqtmuxRgQYqOD3mHaU+MvZn5FLUeVxVfQjwLZW/n/JFuqg==",
      "license": "MIT"
    },
    "node_modules/tr46": {
      "version": "0.0.3",
      "resolved": "https://registry.npmjs.org/tr46/-/tr46-0.0.3.tgz",
      "integrity": "sha512-N3WMsuqV66lT30CrXNbEjx4GEwlow3v6rr4mCcv6prnfwhS01rkgyFdjPNBYd9br7LpXV1+Emh01fHnq2Gdgrw==",
      "license": "MIT"
    },
    "node_modules/typescript": {
      "version": "5.9.3",
      "resolved": "https://registry.npmjs.org/typescript/-/typescript-5.9.3.tgz",
      "integrity": "sha512-jl1vZzPDinLr9eUt3J/t7V6FgNEw9QjvBPdysz9KfQDD41fQrC2Y4vKQdiaUpFT4bXlb1RHhLpp8wtm6M5TgSw==",
      "dev": true,
      "license": "Apache-2.0",
      "bin": {
        "tsc": "bin/tsc",
        "tsserver": "bin/tsserver"
      },
      "engines": {
        "node": ">=14.17"
      }
    },
    "node_modules/webidl-conversions": {
      "version": "3.0.1",
      "resolved": "https://registry.npmjs.org/webidl-conversions/-/webidl-conversions-3.0.1.tgz",
      "integrity": "sha512-2JAn3z8AR6rjK8Sm8orRC0h/bcl/DqL7tRPdGZ4I1CjdF+EaMLmYxBHyXuKL849eucPFhvBoxMsflfOb8kxaeQ==",
      "license": "BSD-2-Clause"
    },
    "node_modules/whatwg-url": {
      "version": "5.0.0",
      "resolved": "https://registry.npmjs.org/whatwg-url/-/whatwg-url-5.0.0.tgz",
      "integrity": "sha512-saE57nupxk6v3HY35+jzBwYa0rKSy0XR8JSxZPwgLr7ys0IBzhGviA1/TUGJLmSVqs8pb9AnvICXEuOHLprYTw==",
      "license": "MIT",
      "dependencies": {
        "tr46": "~0.0.3",
        "webidl-conversions": "^3.0.0"
      }
    },
    "node_modules/wrappy": {
      "version": "1.0.2",
      "resolved": "https://registry.npmjs.org/wrappy/-/wrappy-1.0.2.tgz",
      "integrity": "sha512-l4Sp/DRseor9wL6EvV2+TuQn63dMkPjZ/sp9XkghTEbV9KlPS1xUsZ3u7/IQO4wxtcFB4bgpQPRcR3QCvezPcQ==",
      "license": "ISC"
    }
  }
}
